<?xml version="1.0" encoding="utf-8"?>
<Project ToolsVersion="4.0" xmlns="http://schemas.microsoft.com/developer/msbuild/2003">
  <ItemGroup>
    <ClCompile Include="Ash.cpp" />
    <ClCompile Include="Character.cpp" />
    <ClCompile Include="CheckBox.cpp" />
    <ClCompile Include="GameNode.cpp" />
    <ClCompile Include="Image.cpp" />
    <ClCompile Include="Kdash.cpp" />
    <ClCompile Include="KeyManager.cpp" />
    <ClCompile Include="Kyo.cpp" />
    <ClCompile Include="main.cpp" />
    <ClCompile Include="MainGame.cpp" />
    <ClCompile Include="CommandQueue.cpp" />
    <ClCompile Include="AttackBox.cpp" />
    <ClCompile Include="HitBox.cpp" />
  </ItemGroup>
  <ItemGroup>
    <ClInclude Include="Ash.h" />
    <ClInclude Include="Character.h" />
    <ClInclude Include="CheckBox.h" />
    <ClInclude Include="CommonFunction.h" />
    <ClInclude Include="config.h" />
    <ClInclude Include="GameNode.h" />
    <ClInclude Include="Image.h" />
    <ClInclude Include="Kdash.h" />
    <ClInclude Include="KeyManager.h" />
    <ClInclude Include="Kyo.h" />
    <ClInclude Include="MainGame.h" />
    <ClInclude Include="CommandQueue.h" />
    <ClInclude Include="AttackBox.h" />
    <ClInclude Include="HitBox.h" />
  </ItemGroup>
</Project>